<?xml version="1.0" encoding="utf-8"?>
<Project ToolsVersion="4.0" xmlns="http://schemas.microsoft.com/developer/msbuild/2003">
  <ItemGroup>
    <ClCompile Include="Application.cpp" />
    <ClCompile Include="stdafx.cpp" />
    <ClCompile Include="Helper.cpp" />
    <ClCompile Include="Preferences.cpp" />
    <ClCompile Include="TrayIcon.cpp" />
    <ClCompile Include="Shortcut.cpp" />
    <ClCompile Include="Settings.cpp" />
  </ItemGroup>
  <ItemGroup>
    <ClInclude Include="Application.h" />
    <ClInclude Include="stdafx.h" />
    <ClInclude Include="Helper.h" />
    <ClInclude Include="Version.h" />
    <ClInclude Include="Config.h" />
    <ClInclude Include="resource.h" />
    <ClInclude Include="Preferences.h" />
    <ClInclude Include="TrayIcon.h" />
    <ClInclude Include="Exception.h" />
    <ClInclude Include="Shortcut.h" />
    <ClInclude Include="Settings.h" />
  </ItemGroup>
  <ItemGroup>
    <ResourceCompile Include="EShellLauncher.rc" />
  </ItemGroup>
</Project>